// !$*UTF8*$!
{
	archiveVersion = 1;
	classes = {
	};
	objectVersion = 50;
	objects = {

/* Begin PBXBuildFile section */
		1A19D07E23D76D9700A4753E /* AppDelegate.swift in Sources */ = {isa = PBXBuildFile; fileRef = 1A19D07D23D76D9700A4753E /* AppDelegate.swift */; };
		1A19D08023D76D9700A4753E /* SceneDelegate.swift in Sources */ = {isa = PBXBuildFile; fileRef = 1A19D07F23D76D9700A4753E /* SceneDelegate.swift */; };
		1A19D08223D76D9700A4753E /* ViewController.swift in Sources */ = {isa = PBXBuildFile; fileRef = 1A19D08123D76D9700A4753E /* ViewController.swift */; };
		1A19D08523D76D9700A4753E /* Main.storyboard in Resources */ = {isa = PBXBuildFile; fileRef = 1A19D08323D76D9700A4753E /* Main.storyboard */; };
		1A19D08723D76D9900A4753E /* Assets.xcassets in Resources */ = {isa = PBXBuildFile; fileRef = 1A19D08623D76D9900A4753E /* Assets.xcassets */; };
		1A19D08A23D76D9900A4753E /* LaunchScreen.storyboard in Resources */ = {isa = PBXBuildFile; fileRef = 1A19D08823D76D9900A4753E /* LaunchScreen.storyboard */; };
		1A19D09223D76E1300A4753E /* DEImageDepot.swift in Sources */ = {isa = PBXBuildFile; fileRef = 1A19D09123D76E1300A4753E /* DEImageDepot.swift */; };
/* End PBXBuildFile section */

/* Begin PBXFileReference section */
		1A19D07A23D76D9700A4753E /* DEImageDepot.app */ = {isa = PBXFileReference; explicitFileType = wrapper.application; includeInIndex = 0; path = DEImageDepot.app; sourceTree = BUILT_PRODUCTS_DIR; };
		1A19D07D23D76D9700A4753E /* AppDelegate.swift */ = {isa = PBXFileReference; lastKnownFileType = sourcecode.swift; path = AppDelegate.swift; sourceTree = "<group>"; };
		1A19D07F23D76D9700A4753E /* SceneDelegate.swift */ = {isa = PBXFileReference; lastKnownFileType = sourcecode.swift; path = SceneDelegate.swift; sourceTree = "<group>"; };
		1A19D08123D76D9700A4753E /* ViewController.swift */ = {isa = PBXFileReference; lastKnownFileType = sourcecode.swift; path = ViewController.swift; sourceTree = "<group>"; };
		1A19D08423D76D9700A4753E /* Base */ = {isa = PBXFileReference; lastKnownFileType = file.storyboard; name = Base; path = Base.lproj/Main.storyboard; sourceTree = "<group>"; };
		1A19D08623D76D9900A4753E /* Assets.xcassets */ = {isa = PBXFileReference; lastKnownFileType = folder.assetcatalog; path = Assets.xcassets; sourceTree = "<group>"; };
		1A19D08923D76D9900A4753E /* Base */ = {isa = PBXFileReference; lastKnownFileType = file.storyboard; name = Base; path = Base.lproj/LaunchScreen.storyboard; sourceTree = "<group>"; };
		1A19D08B23D76D9900A4753E /* Info.plist */ = {isa = PBXFileReference; lastKnownFileType = text.plist.xml; path = Info.plist; sourceTree = "<group>"; };
		1A19D09123D76E1300A4753E /* DEImageDepot.swift */ = {isa = PBXFileReference; fileEncoding = 4; lastKnownFileType = sourcecode.swift; path = DEImageDepot.swift; sourceTree = SOURCE_ROOT; };
/* End PBXFileReference section */

/* Begin PBXFrameworksBuildPhase section */
		1A19D07723D76D9700A4753E /* Frameworks */ = {
			isa = PBXFrameworksBuildPhase;
			buildActionMask = 2147483647;
			files = (
			);
			runOnlyForDeploymentPostprocessing = 0;
		};
/* End PBXFrameworksBuildPhase section */

/* Begin PBXGroup section */
		1A19D07123D76D9700A4753E = {
			isa = PBXGroup;
			children = (
				1A19D07C23D76D9700A4753E /* DEImageDepot */,
				1A19D07B23D76D9700A4753E /* Products */,
			);
			sourceTree = "<group>";
		};
		1A19D07B23D76D9700A4753E /* Products */ = {
			isa = PBXGroup;
			children = (
				1A19D07A23D76D9700A4753E /* DEImageDepot.app */,
			);
			name = Products;
			sourceTree = "<group>";
		};
		1A19D07C23D76D9700A4753E /* DEImageDepot */ = {
			isa = PBXGroup;
			children = (
				1A19D07D23D76D9700A4753E /* AppDelegate.swift */,
				1A19D07F23D76D9700A4753E /* SceneDelegate.swift */,
				1A19D09123D76E1300A4753E /* DEImageDepot.swift */,
				1A19D08123D76D9700A4753E /* ViewController.swift */,
				1A19D08323D76D9700A4753E /* Main.storyboard */,
				1A19D08623D76D9900A4753E /* Assets.xcassets */,
				1A19D08823D76D9900A4753E /* LaunchScreen.storyboard */,
				1A19D08B23D76D9900A4753E /* Info.plist */,
			);
			path = DEImageDepot;
			sourceTree = "<group>";
		};
/* End PBXGroup section */

/* Begin PBXNativeTarget section */
		1A19D07923D76D9700A4753E /* DEImageDepot */ = {
			isa = PBXNativeTarget;
			buildConfigurationList = 1A19D08E23D76D9900A4753E /* Build configuration list for PBXNativeTarget "DEImageDepot" */;
			buildPhases = (
				1A19D07623D76D9700A4753E /* Sources */,
				1A19D07723D76D9700A4753E /* Frameworks */,
				1A19D07823D76D9700A4753E /* Resources */,
			);
			buildRules = (
			);
			dependencies = (
			);
			name = DEImageDepot;
			productName = DEImageDepot;
			productReference = 1A19D07A23D76D9700A4753E /* DEImageDepot.app */;
			productType = "com.apple.product-type.application";
		};
/* End PBXNativeTarget section */

/* Begin PBXProject section */
		1A19D07223D76D9700A4753E /* Project object */ = {
			isa = PBXProject;
			attributes = {
				LastSwiftUpdateCheck = 1130;
				LastUpgradeCheck = 1130;
				ORGANIZATIONNAME = Golyash;
				TargetAttributes = {
					1A19D07923D76D9700A4753E = {
						CreatedOnToolsVersion = 11.3;
					};
				};
			};
			buildConfigurationList = 1A19D07523D76D9700A4753E /* Build configuration list for PBXProject "DEImageDepot" */;
			compatibilityVersion = "Xcode 9.3";
			developmentRegion = en;
			hasScannedForEncodings = 0;
			knownRegions = (
				en,
				Base,
			);
			mainGroup = 1A19D07123D76D9700A4753E;
			productRefGroup = 1A19D07B23D76D9700A4753E /* Products */;
			projectDirPath = "";
			projectRoot = "";
			targets = (
				1A19D07923D76D9700A4753E /* DEImageDepot */,
			);
		};
/* End PBXProject section */

/* Begin PBXResourcesBuildPhase section */
		1A19D07823D76D9700A4753E /* Resources */ = {
			isa = PBXResourcesBuildPhase;
			buildActionMask = 2147483647;
			files = (
				1A19D08A23D76D9900A4753E /* LaunchScreen.storyboard in Resources */,
				1A19D08723D76D9900A4753E /* Assets.xcassets in Resources */,
				1A19D08523D76D9700A4753E /* Main.storyboard in Resources */,
			);
			runOnlyForDeploymentPostprocessing = 0;
		};
/* End PBXResourcesBuildPhase section */

/* Begin PBXSourcesBuildPhase section */
		1A19D07623D76D9700A4753E /* Sources */ = {
			isa = PBXSourcesBuildPhase;
			buildActionMask = 2147483647;
			files = (
				1A19D08223D76D9700A4753E /* ViewController.swift in Sources */,
				1A19D09223D76E1300A4753E /* DEImageDepot.swift in Sources */,
				1A19D07E23D76D9700A4753E /* AppDelegate.swift in Sources */,
				1A19D08023D76D9700A4753E /* SceneDelegate.swift in Sources */,
			);
			runOnlyForDeploymentPostprocessing = 0;
		};
/* End PBXSourcesBuildPhase section */

/* Begin PBXVariantGroup section */
		1A19D08323D76D9700A4753E /* Main.storyboard */ = {
			isa = PBXVariantGroup;
			children = (
				1A19D08423D76D9700A4753E /* Base */,
			);
			name = Main.storyboard;
			sourceTree = "<group>";
		};
		1A19D08823D76D9900A4753E /* LaunchScreen.storyboard */ = {
			isa = PBXVariantGroup;
			children = (
				1A19D08923D76D9900A4753E /* Base */,
			);
			name = LaunchScreen.storyboard;
			sourceTree = "<group>";
		};
/* End PBXVariantGroup section */

/* Begin XCBuildConfiguration section */
		1A19D08C23D76D9900A4753E /* Debug */ = {
			isa = XCBuildConfiguration;
			buildSettings = {
				ALWAYS_SEARCH_USER_PATHS = NO;
				CLANG_ANALYZER_NONNULL = YES;
				CLANG_ANALYZER_NUMBER_OBJECT_CONVERSION = YES_AGGRESSIVE;
				CLANG_CXX_LANGUAGE_STANDARD = "gnu++14";
				CLANG_CXX_LIBRARY = "libc++";
				CLANG_ENABLE_MODULES = YES;
				CLANG_ENABLE_OBJC_ARC = YES;
				CLANG_ENABLE_OBJC_WEAK = YES;
				CLANG_WARN_BLOCK_CAPTURE_AUTORELEASING = YES;
				CLANG_WARN_BOOL_CONVERSION = YES;
				CLANG_WARN_COMMA = YES;
				CLANG_WARN_CONSTANT_CONVERSION = YES;
				CLANG_WARN_DEPRECATED_OBJC_IMPLEMENTATIONS = YES;
				CLANG_WARN_DIRECT_OBJC_ISA_USAGE = YES_ERROR;
				CLANG_WARN_DOCUMENTATION_COMMENTS = YES;
				CLANG_WARN_EMPTY_BODY = YES;
				CLANG_WARN_ENUM_CONVERSION = YES;
				CLANG_WARN_INFINITE_RECURSION = YES;
				CLANG_WARN_INT_CONVERSION = YES;
				CLANG_WARN_NON_LITERAL_NULL_CONVERSION = YES;
				CLANG_WARN_OBJC_IMPLICIT_RETAIN_SELF = YES;
				CLANG_WARN_OBJC_LITERAL_CONVERSION = YES;
				CLANG_WARN_OBJC_ROOT_CLASS = YES_ERROR;
				CLANG_WARN_RANGE_LOOP_ANALYSIS = YES;
				CLANG_WARN_STRICT_PROTOTYPES = YES;
				CLANG_WARN_SUSPICIOUS_MOVE = YES;
				CLANG_WARN_UNGUARDED_AVAILABILITY = YES_AGGRESSIVE;
				CLANG_WARN_UNREACHABLE_CODE = YES;
				CLANG_WARN__DUPLICATE_METHOD_MATCH = YES;
				COPY_PHASE_STRIP = NO;
				DEBUG_INFORMATION_FORMAT = dwarf;
				ENABLE_STRICT_OBJC_MSGSEND = YES;
				ENABLE_TESTABILITY = YES;
				GCC_C_LANGUAGE_STANDARD = gnu11;
				GCC_DYNAMIC_NO_PIC = NO;
				GCC_NO_COMMON_BLOCKS = YES;
				GCC_OPTIMIZATION_LEVEL = 0;
				GCC_PREPROCESSOR_DEFINITIONS = (
					"DEBUG=1",
					"$(inherited)",
				);
				GCC_WARN_64_TO_32_BIT_CONVERSION = YES;
				GCC_WARN_ABOUT_RETURN_TYPE = YES_ERROR;
				GCC_WARN_UNDECLARED_SELECTOR = YES;
				GCC_WARN_UNINITIALIZED_AUTOS = YES_AGGRESSIVE;
				GCC_WARN_UNUSED_FUNCTION = YES;
				GCC_WARN_UNUSED_VARIABLE = YES;
				IPHONEOS_DEPLOYMENT_TARGET = 13.2;
				MTL_ENABLE_DEBUG_INFO = INCLUDE_SOURCE;
				MTL_FAST_MATH = YES;
				ONLY_ACTIVE_ARCH = YES;
				SDKROOT = iphoneos;
				SWIFT_ACTIVE_COMPILATION_CONDITIONS = DEBUG;
				SWIFT_OPTIMIZATION_LEVEL = "-Onone";
			};
			name = Debug;
		};
		1A19D08D23D76D9900A4753E /* Release */ = {
			isa = XCBuildConfiguration;
			buildSettings = {
				ALWAYS_SEARCH_USER_PATHS = NO;
				CLANG_ANALYZER_NONNULL = YES;
				CLANG_ANALYZER_NUMBER_OBJECT_CONVERSION = YES_AGGRESSIVE;
				CLANG_CXX_LANGUAGE_STANDARD = "gnu++14";
				CLANG_CXX_LIBRARY = "libc++";
				CLANG_ENABLE_MODULES = YES;
				CLANG_ENABLE_OBJC_ARC = YES;
				CLANG_ENABLE_OBJC_WEAK = YES;
				CLANG_WARN_BLOCK_CAPTURE_AUTORELEASING = YES;
				CLANG_WARN_BOOL_CONVERSION = YES;
				CLANG_WARN_COMMA = YES;
				CLANG_WARN_CONSTANT_CONVERSION = YES;
				CLANG_WARN_DEPRECATED_OBJC_IMPLEMENTATIONS = YES;
				CLANG_WARN_DIRECT_OBJC_ISA_USAGE = YES_ERROR;
				CLANG_WARN_DOCUMENTATION_COMMENTS = YES;
				CLANG_WARN_EMPTY_BODY = YES;
				CLANG_WARN_ENUM_CONVERSION = YES;
				CLANG_WARN_INFINITE_RECURSION = YES;
				CLANG_WARN_INT_CONVERSION = YES;
				CLANG_WARN_NON_LITERAL_NULL_CONVERSION = YES;
				CLANG_WARN_OBJC_IMPLICIT_RETAIN_SELF = YES;
				CLANG_WARN_OBJC_LITERAL_CONVERSION = YES;
				CLANG_WARN_OBJC_ROOT_CLASS = YES_ERROR;
				CLANG_WARN_RANGE_LOOP_ANALYSIS = YES;
				CLANG_WARN_STRICT_PROTOTYPES = YES;
				CLANG_WARN_SUSPICIOUS_MOVE = YES;
				CLANG_WARN_UNGUARDED_AVAILABILITY = YES_AGGRESSIVE;
				CLANG_WARN_UNREACHABLE_CODE = YES;
				CLANG_WARN__DUPLICATE_METHOD_MATCH = YES;
				COPY_PHASE_STRIP = NO;
				DEBUG_INFORMATION_FORMAT = "dwarf-with-dsym";
				ENABLE_NS_ASSERTIONS = NO;
				ENABLE_STRICT_OBJC_MSGSEND = YES;
				GCC_C_LANGUAGE_STANDARD = gnu11;
				GCC_NO_COMMON_BLOCKS = YES;
				GCC_WARN_64_TO_32_BIT_CONVERSION = YES;
				GCC_WARN_ABOUT_RETURN_TYPE = YES_ERROR;
				GCC_WARN_UNDECLARED_SELECTOR = YES;
				GCC_WARN_UNINITIALIZED_AUTOS = YES_AGGRESSIVE;
				GCC_WARN_UNUSED_FUNCTION = YES;
				GCC_WARN_UNUSED_VARIABLE = YES;
				IPHONEOS_DEPLOYMENT_TARGET = 13.2;
				MTL_ENABLE_DEBUG_INFO = NO;
				MTL_FAST_MATH = YES;
				SDKROOT = iphoneos;
				SWIFT_COMPILATION_MODE = wholemodule;
				SWIFT_OPTIMIZATION_LEVEL = "-O";
				VALIDATE_PRODUCT = YES;
			};
			name = Release;
		};
		1A19D08F23D76D9900A4753E /* Debug */ = {
			isa = XCBuildConfiguration;
			buildSettings = {
				ASSETCATALOG_COMPILER_APPICON_NAME = AppIcon;
				CODE_SIGN_STYLE = Automatic;
				INFOPLIST_FILE = DEImageDepot/Info.plist;
				LD_RUNPATH_SEARCH_PATHS = (
					"$(inherited)",
					"@executable_path/Frameworks",
				);
				PRODUCT_BUNDLE_IDENTIFIER = com.golyash.general;
				PRODUCT_NAME = "$(TARGET_NAME)";
				SWIFT_VERSION = 5.0;
				TARGETED_DEVICE_FAMILY = "1,2";
			};
			name = Debug;
		};
		1A19D09023D76D9900A4753E /* Release */ = {
			isa = XCBuildConfiguration;
			buildSettings = {
				ASSETCATALOG_COMPILER_APPICON_NAME = AppIcon;
				CODE_SIGN_STYLE = Automatic;
				INFOPLIST_FILE = DEImageDepot/Info.plist;
				LD_RUNPATH_SEARCH_PATHS = (
					"$(inherited)",
					"@executable_path/Frameworks",
				);
				PRODUCT_BUNDLE_IDENTIFIER = com.golyash.general;
				PRODUCT_NAME = "$(TARGET_NAME)";
				SWIFT_VERSION = 5.0;
				TARGETED_DEVICE_FAMILY = "1,2";
			};
			name = Release;
		};
/* End XCBuildConfiguration section */

/* Begin XCConfigurationList section */
		1A19D07523D76D9700A4753E /* Build configuration list for PBXProject "DEImageDepot" */ = {
			isa = XCConfigurationList;
			buildConfigurations = (
				1A19D08C23D76D9900A4753E /* Debug */,
				1A19D08D23D76D9900A4753E /* Release */,
			);
			defaultConfigurationIsVisible = 0;
			defaultConfigurationName = Release;
		};
		1A19D08E23D76D9900A4753E /* Build configuration list for PBXNativeTarget "DEImageDepot" */ = {
			isa = XCConfigurationList;
			buildConfigurations = (
				1A19D08F23D76D9900A4753E /* Debug */,
				1A19D09023D76D9900A4753E /* Release */,
			);
			defaultConfigurationIsVisible = 0;
			defaultConfigurationName = Release;
		};
/* End XCConfigurationList section */
	};
	rootObject = 1A19D07223D76D9700A4753E /* Project object */;
}
